{
  "lockfileVersion": 1,
  "configVersion": 1,
  "workspaces": {
    "": {
      "name": "@dalisoft/frontend-react-tailwind",
      "devDependencies": {
        "@typescript/native-preview": "^7.0.0-dev.20251111.1",
      },
    },
  },
  "packages": {
    "@typescript/native-preview": ["@typescript/native-preview@7.0.0-dev.20251111.1", "", { "optionalDependencies": { "@typescript/native-preview-darwin-arm64": "7.0.0-dev.20251111.1", "@typescript/native-preview-darwin-x64": "7.0.0-dev.20251111.1", "@typescript/native-preview-linux-arm": "7.0.0-dev.20251111.1", "@typescript/native-preview-linux-arm64": "7.0.0-dev.20251111.1", "@typescript/native-preview-linux-x64": "7.0.0-dev.20251111.1", "@typescript/native-preview-win32-arm64": "7.0.0-dev.20251111.1", "@typescript/native-preview-win32-x64": "7.0.0-dev.20251111.1" }, "bin": { "tsgo": "bin/tsgo.js" } }, "sha512-IWafo9qVR7sEl/59AYoy7XTkC+rH62QaIKp7PuMYYcNwqjNlFKszGeJtXadqBpyY61lVhtb3xoZ6otsNotAgMg=="],

    "@typescript/native-preview-darwin-arm64": ["@typescript/native-preview-darwin-arm64@7.0.0-dev.20251111.1", "", { "os": "darwin", "cpu": "arm64" }, "sha512-swE3/8vfsWGp+TNtmmW+amKd1V1cQrwbLSA2MFTiXZt3HUJPnLR8/aaWTkkrMCoLNSJd+KZV76X9Cw6QLAzdGQ=="],

    "@typescript/native-preview-darwin-x64": ["@typescript/native-preview-darwin-x64@7.0.0-dev.20251111.1", "", { "os": "darwin", "cpu": "x64" }, "sha512-vyToe0VYi+Trd9jNyrFersj0ZDtww/IjyoM8oOQN88K6AZEqxkxSxJC8SovCWqmPhfVhb5k/pnaqBE47hc6GLQ=="],

    "@typescript/native-preview-linux-arm": ["@typescript/native-preview-linux-arm@7.0.0-dev.20251111.1", "", { "os": "linux", "cpu": "arm" }, "sha512-8WMqKSp3Yq5saVL//BCocUgFnTznAaNajLrFbTOPtfwtlpIUddXM3Imb614NgPb6GX72C44WDB8oNgO7KEBJsQ=="],

    "@typescript/native-preview-linux-arm64": ["@typescript/native-preview-linux-arm64@7.0.0-dev.20251111.1", "", { "os": "linux", "cpu": "arm64" }, "sha512-o5p3urr5YyrdotWwwqNn/SYJlujICStgqEdukvaWh7vG9UI911Dp7hGFmmn+8UvWubcZm+DBWijkkUJcxIN7Gw=="],

    "@typescript/native-preview-linux-x64": ["@typescript/native-preview-linux-x64@7.0.0-dev.20251111.1", "", { "os": "linux", "cpu": "x64" }, "sha512-0MEDwP3pt1IeG+MwW/qR2r9d7ZMvYv61a9MJJCjtkFGMm23LL/kitaEEYdeQ6efTeUJDWfRleol1dDkh8aoBEg=="],

    "@typescript/native-preview-win32-arm64": ["@typescript/native-preview-win32-arm64@7.0.0-dev.20251111.1", "", { "os": "win32", "cpu": "arm64" }, "sha512-ko3sx2l2bzcaCIQ+MDXT/b5FVX2NoSuji5IK/DdZvrbYGgNkh2qUb7Td7RqXaTIE1yaUTEv5PK7UGu1C1qg2EQ=="],

    "@typescript/native-preview-win32-x64": ["@typescript/native-preview-win32-x64@7.0.0-dev.20251111.1", "", { "os": "win32", "cpu": "x64" }, "sha512-XClWd0RpDQ/ouF9d8+gafFHob8XUFAJ49yfLkQqRncRwCXiGfMXyZTbHms+BdyAl5qguv1sgm2YhAWHeaggltQ=="],
  }
}
